
Microsoft Visual Studio Solution File, Format Version 12.00
# Visual Studio 14
VisualStudioVersion = 14.0.25420.1
MinimumVisualStudioVersion = 10.0.40219.1
Project("{FAE04EC0-301F-11D3-BF4B-00C04F79EFBC}") = "BikeApp.Android", "BikeApp\BikeApp.Android\BikeApp.Android.csproj", "{BF15F217-F426-4D96-BC35-8C6F5156C6B8}"
EndProject
Project("{FAE04EC0-301F-11D3-BF4B-00C04F79EFBC}") = "BikeApp", "BikeApp\BikeApp\BikeApp.csproj", "{4B2B4DF2-F4AB-4E44-9E8C-859F35EBDA4B}"
EndProject
Project("{FAE04EC0-301F-11D3-BF4B-00C04F79EFBC}") = "BikeApp.iOS", "BikeApp\BikeApp.iOS\BikeApp.iOS.csproj", "{2594FAD9-35A8-44A2-9D4F-227AE8E9393E}"
EndProject
Global
	GlobalSection(SolutionConfigurationPlatforms) = preSolution
		Ad-Hoc|Any CPU = Ad-Hoc|Any CPU
		Ad-Hoc|iPhone = Ad-Hoc|iPhone
		Ad-Hoc|iPhoneSimulator = Ad-Hoc|iPhoneSimulator
		AppStore|Any CPU = AppStore|Any CPU
		AppStore|iPhone = AppStore|iPhone
		AppStore|iPhoneSimulator = AppStore|iPhoneSimulator
		Debug|Any CPU = Debug|Any CPU
		Debug|iPhone = Debug|iPhone
		Debug|iPhoneSimulator = Debug|iPhoneSimulator
		Release|Any CPU = Release|Any CPU
		Release|iPhone = Release|iPhone
		Release|iPhoneSimulator = Release|iPhoneSimulator
	EndGlobalSection
	GlobalSection(ProjectConfigurationPlatforms) = postSolution
		{BF15F217-F426-4D96-BC35-8C6F5156C6B8}.Ad-Hoc|Any CPU.ActiveCfg = Release|Any CPU
		{BF15F217-F426-4D96-BC35-8C6F5156C6B8}.Ad-Hoc|Any CPU.Build.0 = Release|Any CPU
		{BF15F217-F426-4D96-BC35-8C6F5156C6B8}.Ad-Hoc|Any CPU.Deploy.0 = Release|Any CPU
		{BF15F217-F426-4D96-BC35-8C6F5156C6B8}.Ad-Hoc|iPhone.ActiveCfg = Release|Any CPU
		{BF15F217-F426-4D96-BC35-8C6F5156C6B8}.Ad-Hoc|iPhone.Build.0 = Release|Any CPU
		{BF15F217-F426-4D96-BC35-8C6F5156C6B8}.Ad-Hoc|iPhone.Deploy.0 = Release|Any CPU
		{BF15F217-F426-4D96-BC35-8C6F5156C6B8}.Ad-Hoc|iPhoneSimulator.ActiveCfg = Release|Any CPU
		{BF15F217-F426-4D96-BC35-8C6F5156C6B8}.Ad-Hoc|iPhoneSimulator.Build.0 = Release|Any CPU
		{BF15F217-F426-4D96-BC35-8C6F5156C6B8}.Ad-Hoc|iPhoneSimulator.Deploy.0 = Release|Any CPU
		{BF15F217-F426-4D96-BC35-8C6F5156C6B8}.AppStore|Any CPU.ActiveCfg = Release|Any CPU
		{BF15F217-F426-4D96-BC35-8C6F5156C6B8}.AppStore|Any CPU.Build.0 = Release|Any CPU
		{BF15F217-F426-4D96-BC35-8C6F5156C6B8}.AppStore|Any CPU.Deploy.0 = Release|Any CPU
		{BF15F217-F426-4D96-BC35-8C6F5156C6B8}.AppStore|iPhone.ActiveCfg = Release|Any CPU
		{BF15F217-F426-4D96-BC35-8C6F5156C6B8}.AppStore|iPhone.Build.0 = Release|Any CPU
		{BF15F217-F426-4D96-BC35-8C6F5156C6B8}.AppStore|iPhone.Deploy.0 = Release|Any CPU
		{BF15F217-F426-4D96-BC35-8C6F5156C6B8}.AppStore|iPhoneSimulator.ActiveCfg = Release|Any CPU
		{BF15F217-F426-4D96-BC35-8C6F5156C6B8}.AppStore|iPhoneSimulator.Build.0 = Release|Any CPU
		{BF15F217-F426-4D96-BC35-8C6F5156C6B8}.AppStore|iPhoneSimulator.Deploy.0 = Release|Any CPU
		{BF15F217-F426-4D96-BC35-8C6F5156C6B8}.Debug|Any CPU.ActiveCfg = Debug|Any CPU
		{BF15F217-F426-4D96-BC35-8C6F5156C6B8}.Debug|Any CPU.Build.0 = Debug|Any CPU
		{BF15F217-F426-4D96-BC35-8C6F5156C6B8}.Debug|Any CPU.Deploy.0 = Debug|Any CPU
		{BF15F217-F426-4D96-BC35-8C6F5156C6B8}.Debug|iPhone.ActiveCfg = Debug|Any CPU
		{BF15F217-F426-4D96-BC35-8C6F5156C6B8}.Debug|iPhone.Build.0 = Debug|Any CPU
		{BF15F217-F426-4D96-BC35-8C6F5156C6B8}.Debug|iPhone.Deploy.0 = Debug|Any CPU
		{BF15F217-F426-4D96-BC35-8C6F5156C6B8}.Debug|iPhoneSimulator.ActiveCfg = Debug|Any CPU
		{BF15F217-F426-4D96-BC35-8C6F5156C6B8}.Debug|iPhoneSimulator.Build.0 = Debug|Any CPU
		{BF15F217-F426-4D96-BC35-8C6F5156C6B8}.Debug|iPhoneSimulator.Deploy.0 = Debug|Any CPU
		{BF15F217-F426-4D96-BC35-8C6F5156C6B8}.Release|Any CPU.ActiveCfg = Release|Any CPU
		{BF15F217-F426-4D96-BC35-8C6F5156C6B8}.Release|Any CPU.Build.0 = Release|Any CPU
		{BF15F217-F426-4D96-BC35-8C6F5156C6B8}.Release|Any CPU.Deploy.0 = Release|Any CPU
		{BF15F217-F426-4D96-BC35-8C6F5156C6B8}.Release|iPhone.ActiveCfg = Release|Any CPU
		{BF15F217-F426-4D96-BC35-8C6F5156C6B8}.Release|iPhone.Build.0 = Release|Any CPU
		{BF15F217-F426-4D96-BC35-8C6F5156C6B8}.Release|iPhone.Deploy.0 = Release|Any CPU
		{BF15F217-F426-4D96-BC35-8C6F5156C6B8}.Release|iPhoneSimulator.ActiveCfg = Release|Any CPU
		{BF15F217-F426-4D96-BC35-8C6F5156C6B8}.Release|iPhoneSimulator.Build.0 = Release|Any CPU
		{BF15F217-F426-4D96-BC35-8C6F5156C6B8}.Release|iPhoneSimulator.Deploy.0 = Release|Any CPU
		{4B2B4DF2-F4AB-4E44-9E8C-859F35EBDA4B}.Ad-Hoc|Any CPU.ActiveCfg = Release|Any CPU
		{4B2B4DF2-F4AB-4E44-9E8C-859F35EBDA4B}.Ad-Hoc|Any CPU.Build.0 = Release|Any CPU
		{4B2B4DF2-F4AB-4E44-9E8C-859F35EBDA4B}.Ad-Hoc|iPhone.ActiveCfg = Release|Any CPU
		{4B2B4DF2-F4AB-4E44-9E8C-859F35EBDA4B}.Ad-Hoc|iPhone.Build.0 = Release|Any CPU
		{4B2B4DF2-F4AB-4E44-9E8C-859F35EBDA4B}.Ad-Hoc|iPhoneSimulator.ActiveCfg = Release|Any CPU
		{4B2B4DF2-F4AB-4E44-9E8C-859F35EBDA4B}.Ad-Hoc|iPhoneSimulator.Build.0 = Release|Any CPU
		{4B2B4DF2-F4AB-4E44-9E8C-859F35EBDA4B}.AppStore|Any CPU.ActiveCfg = Release|Any CPU
		{4B2B4DF2-F4AB-4E44-9E8C-859F35EBDA4B}.AppStore|Any CPU.Build.0 = Release|Any CPU
		{4B2B4DF2-F4AB-4E44-9E8C-859F35EBDA4B}.AppStore|iPhone.ActiveCfg = Release|Any CPU
		{4B2B4DF2-F4AB-4E44-9E8C-859F35EBDA4B}.AppStore|iPhone.Build.0 = Release|Any CPU
		{4B2B4DF2-F4AB-4E44-9E8C-859F35EBDA4B}.AppStore|iPhoneSimulator.ActiveCfg = Release|Any CPU
		{4B2B4DF2-F4AB-4E44-9E8C-859F35EBDA4B}.AppStore|iPhoneSimulator.Build.0 = Release|Any CPU
		{4B2B4DF2-F4AB-4E44-9E8C-859F35EBDA4B}.Debug|Any CPU.ActiveCfg = Debug|Any CPU
		{4B2B4DF2-F4AB-4E44-9E8C-859F35EBDA4B}.Debug|Any CPU.Build.0 = Debug|Any CPU
		{4B2B4DF2-F4AB-4E44-9E8C-859F35EBDA4B}.Debug|iPhone.ActiveCfg = Debug|Any CPU
		{4B2B4DF2-F4AB-4E44-9E8C-859F35EBDA4B}.Debug|iPhone.Build.0 = Debug|Any CPU
		{4B2B4DF2-F4AB-4E44-9E8C-859F35EBDA4B}.Debug|iPhoneSimulator.ActiveCfg = Debug|Any CPU
		{4B2B4DF2-F4AB-4E44-9E8C-859F35EBDA4B}.Debug|iPhoneSimulator.Build.0 = Debug|Any CPU
		{4B2B4DF2-F4AB-4E44-9E8C-859F35EBDA4B}.Release|Any CPU.ActiveCfg = Release|Any CPU
		{4B2B4DF2-F4AB-4E44-9E8C-859F35EBDA4B}.Release|Any CPU.Build.0 = Release|Any CPU
		{4B2B4DF2-F4AB-4E44-9E8C-859F35EBDA4B}.Release|iPhone.ActiveCfg = Release|Any CPU
		{4B2B4DF2-F4AB-4E44-9E8C-859F35EBDA4B}.Release|iPhone.Build.0 = Release|Any CPU
		{4B2B4DF2-F4AB-4E44-9E8C-859F35EBDA4B}.Release|iPhoneSimulator.ActiveCfg = Release|Any CPU
		{4B2B4DF2-F4AB-4E44-9E8C-859F35EBDA4B}.Release|iPhoneSimulator.Build.0 = Release|Any CPU
		{2594FAD9-35A8-44A2-9D4F-227AE8E9393E}.Ad-Hoc|Any CPU.ActiveCfg = Ad-Hoc|iPhone
		{2594FAD9-35A8-44A2-9D4F-227AE8E9393E}.Ad-Hoc|iPhone.ActiveCfg = Ad-Hoc|iPhone
		{2594FAD9-35A8-44A2-9D4F-227AE8E9393E}.Ad-Hoc|iPhone.Build.0 = Ad-Hoc|iPhone
		{2594FAD9-35A8-44A2-9D4F-227AE8E9393E}.Ad-Hoc|iPhoneSimulator.ActiveCfg = Ad-Hoc|iPhoneSimulator
		{2594FAD9-35A8-44A2-9D4F-227AE8E9393E}.Ad-Hoc|iPhoneSimulator.Build.0 = Ad-Hoc|iPhoneSimulator
		{2594FAD9-35A8-44A2-9D4F-227AE8E9393E}.AppStore|Any CPU.ActiveCfg = AppStore|iPhone
		{2594FAD9-35A8-44A2-9D4F-227AE8E9393E}.AppStore|iPhone.ActiveCfg = AppStore|iPhone
		{2594FAD9-35A8-44A2-9D4F-227AE8E9393E}.AppStore|iPhone.Build.0 = AppStore|iPhone
		{2594FAD9-35A8-44A2-9D4F-227AE8E9393E}.AppStore|iPhoneSimulator.ActiveCfg = AppStore|iPhoneSimulator
		{2594FAD9-35A8-44A2-9D4F-227AE8E9393E}.AppStore|iPhoneSimulator.Build.0 = AppStore|iPhoneSimulator
		{2594FAD9-35A8-44A2-9D4F-227AE8E9393E}.Debug|Any CPU.ActiveCfg = Debug|iPhone
		{2594FAD9-35A8-44A2-9D4F-227AE8E9393E}.Debug|iPhone.ActiveCfg = Debug|iPhone
		{2594FAD9-35A8-44A2-9D4F-227AE8E9393E}.Debug|iPhone.Build.0 = Debug|iPhone
		{2594FAD9-35A8-44A2-9D4F-227AE8E9393E}.Debug|iPhoneSimulator.ActiveCfg = Debug|iPhoneSimulator
		{2594FAD9-35A8-44A2-9D4F-227AE8E9393E}.Debug|iPhoneSimulator.Build.0 = Debug|iPhoneSimulator
		{2594FAD9-35A8-44A2-9D4F-227AE8E9393E}.Release|Any CPU.ActiveCfg = Release|iPhone
		{2594FAD9-35A8-44A2-9D4F-227AE8E9393E}.Release|iPhone.ActiveCfg = Release|iPhone
		{2594FAD9-35A8-44A2-9D4F-227AE8E9393E}.Release|iPhone.Build.0 = Release|iPhone
		{2594FAD9-35A8-44A2-9D4F-227AE8E9393E}.Release|iPhoneSimulator.ActiveCfg = Release|iPhoneSimulator
		{2594FAD9-35A8-44A2-9D4F-227AE8E9393E}.Release|iPhoneSimulator.Build.0 = Release|iPhoneSimulator
	EndGlobalSection
	GlobalSection(SolutionProperties) = preSolution
		HideSolutionNode = FALSE
	EndGlobalSection
EndGlobal
